
Microsoft Visual Studio Solution File, Format Version 12.00
# Visual Studio Version 16
VisualStudioVersion = 16.0.31205.134
MinimumVisualStudioVersion = 10.0.40219.1
Project("{9A19103F-16F7-4668-BE54-9A1E7A4F7556}") = "Registry", "Registry\Registry.csproj", "{EA40400E-D533-47C0-A5DE-DB0DC36D9B69}"
EndProject
Project("{9A19103F-16F7-4668-BE54-9A1E7A4F7556}") = "Home.ClinicalPortal.Console", "Home.ClinicalPortal.Client\Home.ClinicalPortal.Console.csproj", "{A1497078-143F-41AC-BD36-478F83A3D8D4}"
EndProject
Project("{9A19103F-16F7-4668-BE54-9A1E7A4F7556}") = "Home.ClinicalPortal.Model", "Home.ClinicalPortal.Model\Home.ClinicalPortal.Model.csproj", "{25874D24-87EE-4AD7-B116-92506249F79A}"
EndProject
Project("{9A19103F-16F7-4668-BE54-9A1E7A4F7556}") = "Laboratory", "Laboratory\Laboratory.csproj", "{39210B05-085A-4487-855A-0DE3CE24275C}"
EndProject
Project("{9A19103F-16F7-4668-BE54-9A1E7A4F7556}") = "FHIRProxy", "..\health-architectures\FHIR\FHIRProxy\FHIRProxy\FHIRProxy.csproj", "{0706048C-2450-4CCC-9A80-1E31A40F5347}"
EndProject
Project("{9A19103F-16F7-4668-BE54-9A1E7A4F7556}") = "BlazorOnFhir", "BlazorOnFhir\BlazorOnFhir.csproj", "{523874D8-9D84-43DF-ACE7-8CD7CC15D734}"
EndProject
Global
	GlobalSection(SolutionConfigurationPlatforms) = preSolution
		Debug|Any CPU = Debug|Any CPU
		Release|Any CPU = Release|Any CPU
	EndGlobalSection
	GlobalSection(ProjectConfigurationPlatforms) = postSolution
		{EA40400E-D533-47C0-A5DE-DB0DC36D9B69}.Debug|Any CPU.ActiveCfg = Debug|Any CPU
		{EA40400E-D533-47C0-A5DE-DB0DC36D9B69}.Debug|Any CPU.Build.0 = Debug|Any CPU
		{EA40400E-D533-47C0-A5DE-DB0DC36D9B69}.Release|Any CPU.ActiveCfg = Release|Any CPU
		{EA40400E-D533-47C0-A5DE-DB0DC36D9B69}.Release|Any CPU.Build.0 = Release|Any CPU
		{A1497078-143F-41AC-BD36-478F83A3D8D4}.Debug|Any CPU.ActiveCfg = Debug|Any CPU
		{A1497078-143F-41AC-BD36-478F83A3D8D4}.Debug|Any CPU.Build.0 = Debug|Any CPU
		{A1497078-143F-41AC-BD36-478F83A3D8D4}.Release|Any CPU.ActiveCfg = Release|Any CPU
		{A1497078-143F-41AC-BD36-478F83A3D8D4}.Release|Any CPU.Build.0 = Release|Any CPU
		{25874D24-87EE-4AD7-B116-92506249F79A}.Debug|Any CPU.ActiveCfg = Debug|Any CPU
		{25874D24-87EE-4AD7-B116-92506249F79A}.Debug|Any CPU.Build.0 = Debug|Any CPU
		{25874D24-87EE-4AD7-B116-92506249F79A}.Release|Any CPU.ActiveCfg = Release|Any CPU
		{25874D24-87EE-4AD7-B116-92506249F79A}.Release|Any CPU.Build.0 = Release|Any CPU
		{39210B05-085A-4487-855A-0DE3CE24275C}.Debug|Any CPU.ActiveCfg = Debug|Any CPU
		{39210B05-085A-4487-855A-0DE3CE24275C}.Debug|Any CPU.Build.0 = Debug|Any CPU
		{39210B05-085A-4487-855A-0DE3CE24275C}.Release|Any CPU.ActiveCfg = Release|Any CPU
		{39210B05-085A-4487-855A-0DE3CE24275C}.Release|Any CPU.Build.0 = Release|Any CPU
		{0706048C-2450-4CCC-9A80-1E31A40F5347}.Debug|Any CPU.ActiveCfg = Debug|Any CPU
		{0706048C-2450-4CCC-9A80-1E31A40F5347}.Debug|Any CPU.Build.0 = Debug|Any CPU
		{0706048C-2450-4CCC-9A80-1E31A40F5347}.Release|Any CPU.ActiveCfg = Release|Any CPU
		{0706048C-2450-4CCC-9A80-1E31A40F5347}.Release|Any CPU.Build.0 = Release|Any CPU
		{523874D8-9D84-43DF-ACE7-8CD7CC15D734}.Debug|Any CPU.ActiveCfg = Debug|Any CPU
		{523874D8-9D84-43DF-ACE7-8CD7CC15D734}.Debug|Any CPU.Build.0 = Debug|Any CPU
		{523874D8-9D84-43DF-ACE7-8CD7CC15D734}.Release|Any CPU.ActiveCfg = Release|Any CPU
		{523874D8-9D84-43DF-ACE7-8CD7CC15D734}.Release|Any CPU.Build.0 = Release|Any CPU
	EndGlobalSection
	GlobalSection(SolutionProperties) = preSolution
		HideSolutionNode = FALSE
	EndGlobalSection
	GlobalSection(ExtensibilityGlobals) = postSolution
		SolutionGuid = {42DB16F9-A5F0-4B5C-BA1D-6126676E95C8}
	EndGlobalSection
EndGlobal
