Microsoft Visual Studio Solution File, Format Version 12.00
# Visual Studio Version 17
VisualStudioVersion = 17.5.2.0
MinimumVisualStudioVersion = 10.0.40219.1
Project("{FAE04EC0-301F-11D3-BF4B-00C04F79EFBC}") = "BlazorOnFhir", "BlazorOnFhir.csproj", "{D1F71D99-8CCD-306A-F0AF-4BA32073A7D5}"
EndProject
Global
	GlobalSection(SolutionConfigurationPlatforms) = preSolution
		Debug|Any CPU = Debug|Any CPU
		Release|Any CPU = Release|Any CPU
	EndGlobalSection
	GlobalSection(ProjectConfigurationPlatforms) = postSolution
		{D1F71D99-8CCD-306A-F0AF-4BA32073A7D5}.Debug|Any CPU.ActiveCfg = Debug|Any CPU
		{D1F71D99-8CCD-306A-F0AF-4BA32073A7D5}.Debug|Any CPU.Build.0 = Debug|Any CPU
		{D1F71D99-8CCD-306A-F0AF-4BA32073A7D5}.Release|Any CPU.ActiveCfg = Release|Any CPU
		{D1F71D99-8CCD-306A-F0AF-4BA32073A7D5}.Release|Any CPU.Build.0 = Release|Any CPU
	EndGlobalSection
	GlobalSection(SolutionProperties) = preSolution
		HideSolutionNode = FALSE
	EndGlobalSection
	GlobalSection(ExtensibilityGlobals) = postSolution
		SolutionGuid = {C3065A59-33FA-45FF-957C-5A3EA9B53F50}
	EndGlobalSection
EndGlobal
